
Microsoft Visual Studio Solution File, Format Version 12.00
# Visual Studio Version 17
VisualStudioVersion = 17.0.31903.59
MinimumVisualStudioVersion = 10.0.40219.1
Project("{FAE04EC0-301F-11D3-BF4B-00C04F79EFBC}") = "AppHost", "sample\AppHost\AppHost.csproj", "{70452C4A-ACB6-4ABC-AFAC-44F7B9686F88}"
EndProject
Project("{FAE04EC0-301F-11D3-BF4B-00C04F79EFBC}") = "ServiceDefaults", "sample\ServiceDefaults\ServiceDefaults.csproj", "{BCF76E4E-F3DD-49D8-8305-EFBF1C12DF14}"
EndProject
Project("{FAE04EC0-301F-11D3-BF4B-00C04F79EFBC}") = "Aspire.Hosting.WebhookTester", "src\Aspire.Hosting.WebhookTester\Aspire.Hosting.WebhookTester.csproj", "{157834A5-91BA-455F-9DCC-1F37756F1985}"
EndProject
Project("{2150E333-8FDC-42A3-9474-1A3956D46DE8}") = "Notes", "Notes", "{1019C5FD-5909-4E98-A04A-AD2C03B7745E}"
	ProjectSection(SolutionItems) = preProject
		LICENSE = LICENSE
		README.md = README.md
	EndProjectSection
EndProject
Project("{FAE04EC0-301F-11D3-BF4B-00C04F79EFBC}") = "Tests", "Tests\Tests.csproj", "{13D680F5-2720-4909-80D5-15ED76381A01}"
EndProject
Global
	GlobalSection(SolutionConfigurationPlatforms) = preSolution
		Debug|Any CPU = Debug|Any CPU
		Release|Any CPU = Release|Any CPU
	EndGlobalSection
	GlobalSection(SolutionProperties) = preSolution
		HideSolutionNode = FALSE
	EndGlobalSection
	GlobalSection(ProjectConfigurationPlatforms) = postSolution
		{70452C4A-ACB6-4ABC-AFAC-44F7B9686F88}.Debug|Any CPU.ActiveCfg = Debug|Any CPU
		{70452C4A-ACB6-4ABC-AFAC-44F7B9686F88}.Debug|Any CPU.Build.0 = Debug|Any CPU
		{70452C4A-ACB6-4ABC-AFAC-44F7B9686F88}.Release|Any CPU.ActiveCfg = Release|Any CPU
		{70452C4A-ACB6-4ABC-AFAC-44F7B9686F88}.Release|Any CPU.Build.0 = Release|Any CPU
		{BCF76E4E-F3DD-49D8-8305-EFBF1C12DF14}.Debug|Any CPU.ActiveCfg = Debug|Any CPU
		{BCF76E4E-F3DD-49D8-8305-EFBF1C12DF14}.Debug|Any CPU.Build.0 = Debug|Any CPU
		{BCF76E4E-F3DD-49D8-8305-EFBF1C12DF14}.Release|Any CPU.ActiveCfg = Release|Any CPU
		{BCF76E4E-F3DD-49D8-8305-EFBF1C12DF14}.Release|Any CPU.Build.0 = Release|Any CPU
		{157834A5-91BA-455F-9DCC-1F37756F1985}.Debug|Any CPU.ActiveCfg = Debug|Any CPU
		{157834A5-91BA-455F-9DCC-1F37756F1985}.Debug|Any CPU.Build.0 = Debug|Any CPU
		{157834A5-91BA-455F-9DCC-1F37756F1985}.Release|Any CPU.ActiveCfg = Release|Any CPU
		{157834A5-91BA-455F-9DCC-1F37756F1985}.Release|Any CPU.Build.0 = Release|Any CPU
		{13D680F5-2720-4909-80D5-15ED76381A01}.Debug|Any CPU.ActiveCfg = Debug|Any CPU
		{13D680F5-2720-4909-80D5-15ED76381A01}.Debug|Any CPU.Build.0 = Debug|Any CPU
		{13D680F5-2720-4909-80D5-15ED76381A01}.Release|Any CPU.ActiveCfg = Release|Any CPU
		{13D680F5-2720-4909-80D5-15ED76381A01}.Release|Any CPU.Build.0 = Release|Any CPU
	EndGlobalSection
EndGlobal
